// !$*UTF8*$!
{
	archiveVersion = 1;
	classes = {
	};
	objectVersion = 50;
	objects = {

/* Begin PBXBuildFile section */
		6E49C98E2253D8FD006536A2 /* ActivityItem.swift in Sources */ = {isa = PBXBuildFile; fileRef = 6E49C98D2253D8FD006536A2 /* ActivityItem.swift */; };
		6E49C9902253DA08006536A2 /* Home.storyboard in Resources */ = {isa = PBXBuildFile; fileRef = 6E49C98F2253DA08006536A2 /* Home.storyboard */; };
		6E49C9922253DA1A006536A2 /* Activity.storyboard in Resources */ = {isa = PBXBuildFile; fileRef = 6E49C9912253DA1A006536A2 /* Activity.storyboard */; };
		6E49C9942253DA28006536A2 /* Knowledge.storyboard in Resources */ = {isa = PBXBuildFile; fileRef = 6E49C9932253DA28006536A2 /* Knowledge.storyboard */; };
		6E49C9962253DA37006536A2 /* Profile.storyboard in Resources */ = {isa = PBXBuildFile; fileRef = 6E49C9952253DA37006536A2 /* Profile.storyboard */; };
		6EA8CBD22253332F000859FD /* ActivityCollectionReusableView.swift in Sources */ = {isa = PBXBuildFile; fileRef = 6EA8CBD02253332F000859FD /* ActivityCollectionReusableView.swift */; };
		6EA8CBD32253332F000859FD /* ActivityCollectionReusableView.xib in Resources */ = {isa = PBXBuildFile; fileRef = 6EA8CBD12253332F000859FD /* ActivityCollectionReusableView.xib */; };
		6EA8CBD622533B2F000859FD /* ActivityCollectionViewCell.swift in Sources */ = {isa = PBXBuildFile; fileRef = 6EA8CBD422533B2F000859FD /* ActivityCollectionViewCell.swift */; };
		6EA8CBD722533B2F000859FD /* ActivityCollectionViewCell.xib in Resources */ = {isa = PBXBuildFile; fileRef = 6EA8CBD522533B2F000859FD /* ActivityCollectionViewCell.xib */; };
		6EA8CBD922533E80000859FD /* ActivityViewController.swift in Sources */ = {isa = PBXBuildFile; fileRef = 6EA8CBD822533E80000859FD /* ActivityViewController.swift */; };
		6EA8CBDD225366BE000859FD /* ActivityManager.swift in Sources */ = {isa = PBXBuildFile; fileRef = 6EA8CBDC225366BE000859FD /* ActivityManager.swift */; };
		6EA8CBE022536861000859FD /* UIImage+Extension.swift in Sources */ = {isa = PBXBuildFile; fileRef = 6EA8CBDF22536861000859FD /* UIImage+Extension.swift */; };
		6EFDDEA22251E41100C1B8B3 /* AppDelegate.swift in Sources */ = {isa = PBXBuildFile; fileRef = 6EFDDEA12251E41100C1B8B3 /* AppDelegate.swift */; };
		6EFDDEA92251E41100C1B8B3 /* Main.storyboard in Resources */ = {isa = PBXBuildFile; fileRef = 6EFDDEA72251E41100C1B8B3 /* Main.storyboard */; };
		6EFDDEAB2251E41300C1B8B3 /* Assets.xcassets in Resources */ = {isa = PBXBuildFile; fileRef = 6EFDDEAA2251E41300C1B8B3 /* Assets.xcassets */; };
		6EFDDEAE2251E41300C1B8B3 /* LaunchScreen.storyboard in Resources */ = {isa = PBXBuildFile; fileRef = 6EFDDEAC2251E41300C1B8B3 /* LaunchScreen.storyboard */; };
/* End PBXBuildFile section */

/* Begin PBXFileReference section */
		6E49C98D2253D8FD006536A2 /* ActivityItem.swift */ = {isa = PBXFileReference; lastKnownFileType = sourcecode.swift; path = ActivityItem.swift; sourceTree = "<group>"; };
		6E49C98F2253DA08006536A2 /* Home.storyboard */ = {isa = PBXFileReference; lastKnownFileType = file.storyboard; path = Home.storyboard; sourceTree = "<group>"; };
		6E49C9912253DA1A006536A2 /* Activity.storyboard */ = {isa = PBXFileReference; lastKnownFileType = file.storyboard; path = Activity.storyboard; sourceTree = "<group>"; };
		6E49C9932253DA28006536A2 /* Knowledge.storyboard */ = {isa = PBXFileReference; lastKnownFileType = file.storyboard; path = Knowledge.storyboard; sourceTree = "<group>"; };
		6E49C9952253DA37006536A2 /* Profile.storyboard */ = {isa = PBXFileReference; lastKnownFileType = file.storyboard; path = Profile.storyboard; sourceTree = "<group>"; };
		6EA8CBD02253332F000859FD /* ActivityCollectionReusableView.swift */ = {isa = PBXFileReference; lastKnownFileType = sourcecode.swift; path = ActivityCollectionReusableView.swift; sourceTree = "<group>"; };
		6EA8CBD12253332F000859FD /* ActivityCollectionReusableView.xib */ = {isa = PBXFileReference; lastKnownFileType = file.xib; path = ActivityCollectionReusableView.xib; sourceTree = "<group>"; };
		6EA8CBD422533B2F000859FD /* ActivityCollectionViewCell.swift */ = {isa = PBXFileReference; lastKnownFileType = sourcecode.swift; path = ActivityCollectionViewCell.swift; sourceTree = "<group>"; };
		6EA8CBD522533B2F000859FD /* ActivityCollectionViewCell.xib */ = {isa = PBXFileReference; lastKnownFileType = file.xib; path = ActivityCollectionViewCell.xib; sourceTree = "<group>"; };
		6EA8CBD822533E80000859FD /* ActivityViewController.swift */ = {isa = PBXFileReference; lastKnownFileType = sourcecode.swift; path = ActivityViewController.swift; sourceTree = "<group>"; };
		6EA8CBDC225366BE000859FD /* ActivityManager.swift */ = {isa = PBXFileReference; lastKnownFileType = sourcecode.swift; path = ActivityManager.swift; sourceTree = "<group>"; };
		6EA8CBDF22536861000859FD /* UIImage+Extension.swift */ = {isa = PBXFileReference; lastKnownFileType = sourcecode.swift; path = "UIImage+Extension.swift"; sourceTree = "<group>"; };
		6EFDDE9E2251E41100C1B8B3 /* LiverWell.app */ = {isa = PBXFileReference; explicitFileType = wrapper.application; includeInIndex = 0; path = LiverWell.app; sourceTree = BUILT_PRODUCTS_DIR; };
		6EFDDEA12251E41100C1B8B3 /* AppDelegate.swift */ = {isa = PBXFileReference; lastKnownFileType = sourcecode.swift; path = AppDelegate.swift; sourceTree = "<group>"; };
		6EFDDEA82251E41100C1B8B3 /* Base */ = {isa = PBXFileReference; lastKnownFileType = file.storyboard; name = Base; path = Base.lproj/Main.storyboard; sourceTree = "<group>"; };
		6EFDDEAA2251E41300C1B8B3 /* Assets.xcassets */ = {isa = PBXFileReference; lastKnownFileType = folder.assetcatalog; path = Assets.xcassets; sourceTree = "<group>"; };
		6EFDDEAD2251E41300C1B8B3 /* Base */ = {isa = PBXFileReference; lastKnownFileType = file.storyboard; name = Base; path = Base.lproj/LaunchScreen.storyboard; sourceTree = "<group>"; };
		6EFDDEAF2251E41300C1B8B3 /* Info.plist */ = {isa = PBXFileReference; lastKnownFileType = text.plist.xml; path = Info.plist; sourceTree = "<group>"; };
/* End PBXFileReference section */

/* Begin PBXFrameworksBuildPhase section */
		6EFDDE9B2251E41100C1B8B3 /* Frameworks */ = {
			isa = PBXFrameworksBuildPhase;
			buildActionMask = 2147483647;
			files = (
			);
			runOnlyForDeploymentPostprocessing = 0;
		};
/* End PBXFrameworksBuildPhase section */

/* Begin PBXGroup section */
		6EA8CBCB22533248000859FD /* Controller */ = {
			isa = PBXGroup;
			children = (
				6EA8CBDA22533E84000859FD /* Activity */,
			);
			path = Controller;
			sourceTree = "<group>";
		};
		6EA8CBCC22533253000859FD /* View */ = {
			isa = PBXGroup;
			children = (
				6EFDDEAC2251E41300C1B8B3 /* LaunchScreen.storyboard */,
				6EFDDEA72251E41100C1B8B3 /* Main.storyboard */,
				6E49C98F2253DA08006536A2 /* Home.storyboard */,
				6E49C9912253DA1A006536A2 /* Activity.storyboard */,
				6E49C9932253DA28006536A2 /* Knowledge.storyboard */,
				6E49C9952253DA37006536A2 /* Profile.storyboard */,
				6EA8CBCF225332B3000859FD /* Activity */,
			);
			path = View;
			sourceTree = "<group>";
		};
		6EA8CBCE22533261000859FD /* Model */ = {
			isa = PBXGroup;
			children = (
				6EA8CBDB22536695000859FD /* Activity */,
			);
			path = Model;
			sourceTree = "<group>";
		};
		6EA8CBCF225332B3000859FD /* Activity */ = {
			isa = PBXGroup;
			children = (
				6EA8CBD02253332F000859FD /* ActivityCollectionReusableView.swift */,
				6EA8CBD12253332F000859FD /* ActivityCollectionReusableView.xib */,
				6EA8CBD422533B2F000859FD /* ActivityCollectionViewCell.swift */,
				6EA8CBD522533B2F000859FD /* ActivityCollectionViewCell.xib */,
			);
			path = Activity;
			sourceTree = "<group>";
		};
		6EA8CBDA22533E84000859FD /* Activity */ = {
			isa = PBXGroup;
			children = (
				6EA8CBD822533E80000859FD /* ActivityViewController.swift */,
			);
			path = Activity;
			sourceTree = "<group>";
		};
		6EA8CBDB22536695000859FD /* Activity */ = {
			isa = PBXGroup;
			children = (
				6EA8CBDC225366BE000859FD /* ActivityManager.swift */,
				6E49C98D2253D8FD006536A2 /* ActivityItem.swift */,
			);
			path = Activity;
			sourceTree = "<group>";
		};
		6EA8CBDE2253683C000859FD /* Extension */ = {
			isa = PBXGroup;
			children = (
				6EA8CBDF22536861000859FD /* UIImage+Extension.swift */,
			);
			path = Extension;
			sourceTree = "<group>";
		};
		6EFDDE952251E41100C1B8B3 = {
			isa = PBXGroup;
			children = (
				6EFDDEA02251E41100C1B8B3 /* LiverWell */,
				6EFDDE9F2251E41100C1B8B3 /* Products */,
			);
			sourceTree = "<group>";
		};
		6EFDDE9F2251E41100C1B8B3 /* Products */ = {
			isa = PBXGroup;
			children = (
				6EFDDE9E2251E41100C1B8B3 /* LiverWell.app */,
			);
			name = Products;
			sourceTree = "<group>";
		};
		6EFDDEA02251E41100C1B8B3 /* LiverWell */ = {
			isa = PBXGroup;
			children = (
				6EA8CBDE2253683C000859FD /* Extension */,
				6EA8CBCB22533248000859FD /* Controller */,
				6EA8CBCC22533253000859FD /* View */,
				6EA8CBCE22533261000859FD /* Model */,
				6EFDDEA12251E41100C1B8B3 /* AppDelegate.swift */,
				6EFDDEAA2251E41300C1B8B3 /* Assets.xcassets */,
				6EFDDEAF2251E41300C1B8B3 /* Info.plist */,
			);
			path = LiverWell;
			sourceTree = "<group>";
		};
/* End PBXGroup section */

/* Begin PBXNativeTarget section */
		6EFDDE9D2251E41100C1B8B3 /* LiverWell */ = {
			isa = PBXNativeTarget;
			buildConfigurationList = 6EFDDEB22251E41300C1B8B3 /* Build configuration list for PBXNativeTarget "LiverWell" */;
			buildPhases = (
				6EFDDE9A2251E41100C1B8B3 /* Sources */,
				6EFDDE9B2251E41100C1B8B3 /* Frameworks */,
				6EFDDE9C2251E41100C1B8B3 /* Resources */,
			);
			buildRules = (
			);
			dependencies = (
			);
			name = LiverWell;
			productName = LiverWell;
			productReference = 6EFDDE9E2251E41100C1B8B3 /* LiverWell.app */;
			productType = "com.apple.product-type.application";
		};
/* End PBXNativeTarget section */

/* Begin PBXProject section */
		6EFDDE962251E41100C1B8B3 /* Project object */ = {
			isa = PBXProject;
			attributes = {
				LastSwiftUpdateCheck = 1010;
				LastUpgradeCheck = 1010;
				ORGANIZATIONNAME = "Jo Hsu";
				TargetAttributes = {
					6EFDDE9D2251E41100C1B8B3 = {
						CreatedOnToolsVersion = 10.1;
					};
				};
			};
			buildConfigurationList = 6EFDDE992251E41100C1B8B3 /* Build configuration list for PBXProject "LiverWell" */;
			compatibilityVersion = "Xcode 9.3";
			developmentRegion = en;
			hasScannedForEncodings = 0;
			knownRegions = (
				en,
				Base,
			);
			mainGroup = 6EFDDE952251E41100C1B8B3;
			productRefGroup = 6EFDDE9F2251E41100C1B8B3 /* Products */;
			projectDirPath = "";
			projectRoot = "";
			targets = (
				6EFDDE9D2251E41100C1B8B3 /* LiverWell */,
			);
		};
/* End PBXProject section */

/* Begin PBXResourcesBuildPhase section */
		6EFDDE9C2251E41100C1B8B3 /* Resources */ = {
			isa = PBXResourcesBuildPhase;
			buildActionMask = 2147483647;
			files = (
				6EFDDEAE2251E41300C1B8B3 /* LaunchScreen.storyboard in Resources */,
				6EFDDEAB2251E41300C1B8B3 /* Assets.xcassets in Resources */,
				6EA8CBD32253332F000859FD /* ActivityCollectionReusableView.xib in Resources */,
				6E49C9942253DA28006536A2 /* Knowledge.storyboard in Resources */,
				6E49C9902253DA08006536A2 /* Home.storyboard in Resources */,
				6E49C9922253DA1A006536A2 /* Activity.storyboard in Resources */,
				6E49C9962253DA37006536A2 /* Profile.storyboard in Resources */,
				6EFDDEA92251E41100C1B8B3 /* Main.storyboard in Resources */,
				6EA8CBD722533B2F000859FD /* ActivityCollectionViewCell.xib in Resources */,
			);
			runOnlyForDeploymentPostprocessing = 0;
		};
/* End PBXResourcesBuildPhase section */

/* Begin PBXSourcesBuildPhase section */
		6EFDDE9A2251E41100C1B8B3 /* Sources */ = {
			isa = PBXSourcesBuildPhase;
			buildActionMask = 2147483647;
			files = (
				6EA8CBDD225366BE000859FD /* ActivityManager.swift in Sources */,
				6EA8CBD22253332F000859FD /* ActivityCollectionReusableView.swift in Sources */,
				6EFDDEA22251E41100C1B8B3 /* AppDelegate.swift in Sources */,
				6EA8CBE022536861000859FD /* UIImage+Extension.swift in Sources */,
				6E49C98E2253D8FD006536A2 /* ActivityItem.swift in Sources */,
				6EA8CBD622533B2F000859FD /* ActivityCollectionViewCell.swift in Sources */,
				6EA8CBD922533E80000859FD /* ActivityViewController.swift in Sources */,
			);
			runOnlyForDeploymentPostprocessing = 0;
		};
/* End PBXSourcesBuildPhase section */

/* Begin PBXVariantGroup section */
		6EFDDEA72251E41100C1B8B3 /* Main.storyboard */ = {
			isa = PBXVariantGroup;
			children = (
				6EFDDEA82251E41100C1B8B3 /* Base */,
			);
			name = Main.storyboard;
			sourceTree = "<group>";
		};
		6EFDDEAC2251E41300C1B8B3 /* LaunchScreen.storyboard */ = {
			isa = PBXVariantGroup;
			children = (
				6EFDDEAD2251E41300C1B8B3 /* Base */,
			);
			name = LaunchScreen.storyboard;
			sourceTree = "<group>";
		};
/* End PBXVariantGroup section */

/* Begin XCBuildConfiguration section */
		6EFDDEB02251E41300C1B8B3 /* Debug */ = {
			isa = XCBuildConfiguration;
			buildSettings = {
				ALWAYS_SEARCH_USER_PATHS = NO;
				CLANG_ANALYZER_NONNULL = YES;
				CLANG_ANALYZER_NUMBER_OBJECT_CONVERSION = YES_AGGRESSIVE;
				CLANG_CXX_LANGUAGE_STANDARD = "gnu++14";
				CLANG_CXX_LIBRARY = "libc++";
				CLANG_ENABLE_MODULES = YES;
				CLANG_ENABLE_OBJC_ARC = YES;
				CLANG_ENABLE_OBJC_WEAK = YES;
				CLANG_WARN_BLOCK_CAPTURE_AUTORELEASING = YES;
				CLANG_WARN_BOOL_CONVERSION = YES;
				CLANG_WARN_COMMA = YES;
				CLANG_WARN_CONSTANT_CONVERSION = YES;
				CLANG_WARN_DEPRECATED_OBJC_IMPLEMENTATIONS = YES;
				CLANG_WARN_DIRECT_OBJC_ISA_USAGE = YES_ERROR;
				CLANG_WARN_DOCUMENTATION_COMMENTS = YES;
				CLANG_WARN_EMPTY_BODY = YES;
				CLANG_WARN_ENUM_CONVERSION = YES;
				CLANG_WARN_INFINITE_RECURSION = YES;
				CLANG_WARN_INT_CONVERSION = YES;
				CLANG_WARN_NON_LITERAL_NULL_CONVERSION = YES;
				CLANG_WARN_OBJC_IMPLICIT_RETAIN_SELF = YES;
				CLANG_WARN_OBJC_LITERAL_CONVERSION = YES;
				CLANG_WARN_OBJC_ROOT_CLASS = YES_ERROR;
				CLANG_WARN_RANGE_LOOP_ANALYSIS = YES;
				CLANG_WARN_STRICT_PROTOTYPES = YES;
				CLANG_WARN_SUSPICIOUS_MOVE = YES;
				CLANG_WARN_UNGUARDED_AVAILABILITY = YES_AGGRESSIVE;
				CLANG_WARN_UNREACHABLE_CODE = YES;
				CLANG_WARN__DUPLICATE_METHOD_MATCH = YES;
				CODE_SIGN_IDENTITY = "iPhone Developer";
				COPY_PHASE_STRIP = NO;
				DEBUG_INFORMATION_FORMAT = dwarf;
				ENABLE_STRICT_OBJC_MSGSEND = YES;
				ENABLE_TESTABILITY = YES;
				GCC_C_LANGUAGE_STANDARD = gnu11;
				GCC_DYNAMIC_NO_PIC = NO;
				GCC_NO_COMMON_BLOCKS = YES;
				GCC_OPTIMIZATION_LEVEL = 0;
				GCC_PREPROCESSOR_DEFINITIONS = (
					"DEBUG=1",
					"$(inherited)",
				);
				GCC_WARN_64_TO_32_BIT_CONVERSION = YES;
				GCC_WARN_ABOUT_RETURN_TYPE = YES_ERROR;
				GCC_WARN_UNDECLARED_SELECTOR = YES;
				GCC_WARN_UNINITIALIZED_AUTOS = YES_AGGRESSIVE;
				GCC_WARN_UNUSED_FUNCTION = YES;
				GCC_WARN_UNUSED_VARIABLE = YES;
				IPHONEOS_DEPLOYMENT_TARGET = 12.1;
				MTL_ENABLE_DEBUG_INFO = INCLUDE_SOURCE;
				MTL_FAST_MATH = YES;
				ONLY_ACTIVE_ARCH = YES;
				SDKROOT = iphoneos;
				SWIFT_ACTIVE_COMPILATION_CONDITIONS = DEBUG;
				SWIFT_OPTIMIZATION_LEVEL = "-Onone";
			};
			name = Debug;
		};
		6EFDDEB12251E41300C1B8B3 /* Release */ = {
			isa = XCBuildConfiguration;
			buildSettings = {
				ALWAYS_SEARCH_USER_PATHS = NO;
				CLANG_ANALYZER_NONNULL = YES;
				CLANG_ANALYZER_NUMBER_OBJECT_CONVERSION = YES_AGGRESSIVE;
				CLANG_CXX_LANGUAGE_STANDARD = "gnu++14";
				CLANG_CXX_LIBRARY = "libc++";
				CLANG_ENABLE_MODULES = YES;
				CLANG_ENABLE_OBJC_ARC = YES;
				CLANG_ENABLE_OBJC_WEAK = YES;
				CLANG_WARN_BLOCK_CAPTURE_AUTORELEASING = YES;
				CLANG_WARN_BOOL_CONVERSION = YES;
				CLANG_WARN_COMMA = YES;
				CLANG_WARN_CONSTANT_CONVERSION = YES;
				CLANG_WARN_DEPRECATED_OBJC_IMPLEMENTATIONS = YES;
				CLANG_WARN_DIRECT_OBJC_ISA_USAGE = YES_ERROR;
				CLANG_WARN_DOCUMENTATION_COMMENTS = YES;
				CLANG_WARN_EMPTY_BODY = YES;
				CLANG_WARN_ENUM_CONVERSION = YES;
				CLANG_WARN_INFINITE_RECURSION = YES;
				CLANG_WARN_INT_CONVERSION = YES;
				CLANG_WARN_NON_LITERAL_NULL_CONVERSION = YES;
				CLANG_WARN_OBJC_IMPLICIT_RETAIN_SELF = YES;
				CLANG_WARN_OBJC_LITERAL_CONVERSION = YES;
				CLANG_WARN_OBJC_ROOT_CLASS = YES_ERROR;
				CLANG_WARN_RANGE_LOOP_ANALYSIS = YES;
				CLANG_WARN_STRICT_PROTOTYPES = YES;
				CLANG_WARN_SUSPICIOUS_MOVE = YES;
				CLANG_WARN_UNGUARDED_AVAILABILITY = YES_AGGRESSIVE;
				CLANG_WARN_UNREACHABLE_CODE = YES;
				CLANG_WARN__DUPLICATE_METHOD_MATCH = YES;
				CODE_SIGN_IDENTITY = "iPhone Developer";
				COPY_PHASE_STRIP = NO;
				DEBUG_INFORMATION_FORMAT = "dwarf-with-dsym";
				ENABLE_NS_ASSERTIONS = NO;
				ENABLE_STRICT_OBJC_MSGSEND = YES;
				GCC_C_LANGUAGE_STANDARD = gnu11;
				GCC_NO_COMMON_BLOCKS = YES;
				GCC_WARN_64_TO_32_BIT_CONVERSION = YES;
				GCC_WARN_ABOUT_RETURN_TYPE = YES_ERROR;
				GCC_WARN_UNDECLARED_SELECTOR = YES;
				GCC_WARN_UNINITIALIZED_AUTOS = YES_AGGRESSIVE;
				GCC_WARN_UNUSED_FUNCTION = YES;
				GCC_WARN_UNUSED_VARIABLE = YES;
				IPHONEOS_DEPLOYMENT_TARGET = 12.1;
				MTL_ENABLE_DEBUG_INFO = NO;
				MTL_FAST_MATH = YES;
				SDKROOT = iphoneos;
				SWIFT_COMPILATION_MODE = wholemodule;
				SWIFT_OPTIMIZATION_LEVEL = "-O";
				VALIDATE_PRODUCT = YES;
			};
			name = Release;
		};
		6EFDDEB32251E41300C1B8B3 /* Debug */ = {
			isa = XCBuildConfiguration;
			buildSettings = {
				ASSETCATALOG_COMPILER_APPICON_NAME = AppIcon;
				CODE_SIGN_STYLE = Automatic;
				DEVELOPMENT_TEAM = 3YA9884FMS;
				INFOPLIST_FILE = LiverWell/Info.plist;
				LD_RUNPATH_SEARCH_PATHS = (
					"$(inherited)",
					"@executable_path/Frameworks",
				);
				PRODUCT_BUNDLE_IDENTIFIER = com.joyunhsu.LiverWell;
				PRODUCT_NAME = "$(TARGET_NAME)";
				SWIFT_VERSION = 4.2;
				TARGETED_DEVICE_FAMILY = "1,2";
			};
			name = Debug;
		};
		6EFDDEB42251E41300C1B8B3 /* Release */ = {
			isa = XCBuildConfiguration;
			buildSettings = {
				ASSETCATALOG_COMPILER_APPICON_NAME = AppIcon;
				CODE_SIGN_STYLE = Automatic;
				DEVELOPMENT_TEAM = 3YA9884FMS;
				INFOPLIST_FILE = LiverWell/Info.plist;
				LD_RUNPATH_SEARCH_PATHS = (
					"$(inherited)",
					"@executable_path/Frameworks",
				);
				PRODUCT_BUNDLE_IDENTIFIER = com.joyunhsu.LiverWell;
				PRODUCT_NAME = "$(TARGET_NAME)";
				SWIFT_VERSION = 4.2;
				TARGETED_DEVICE_FAMILY = "1,2";
			};
			name = Release;
		};
/* End XCBuildConfiguration section */

/* Begin XCConfigurationList section */
		6EFDDE992251E41100C1B8B3 /* Build configuration list for PBXProject "LiverWell" */ = {
			isa = XCConfigurationList;
			buildConfigurations = (
				6EFDDEB02251E41300C1B8B3 /* Debug */,
				6EFDDEB12251E41300C1B8B3 /* Release */,
			);
			defaultConfigurationIsVisible = 0;
			defaultConfigurationName = Release;
		};
		6EFDDEB22251E41300C1B8B3 /* Build configuration list for PBXNativeTarget "LiverWell" */ = {
			isa = XCConfigurationList;
			buildConfigurations = (
				6EFDDEB32251E41300C1B8B3 /* Debug */,
				6EFDDEB42251E41300C1B8B3 /* Release */,
			);
			defaultConfigurationIsVisible = 0;
			defaultConfigurationName = Release;
		};
/* End XCConfigurationList section */
	};
	rootObject = 6EFDDE962251E41100C1B8B3 /* Project object */;
}
